{
  "name": "backlog",
  "version": "1.3.0",
  "lockfileVersion": 3,
  "requires": true,
  "packages": {
    "": {
      "name": "backlog",
      "version": "1.3.0",
      "license": "MIT",
      "bin": {
        "backlog": "bin/backlog.mjs"
      },
      "engines": {
        "node": ">=24.0.0"
      }
    }
  }
}
